{
  "name": "data-lib",
  "version": "1.0.0",
  "lockfileVersion": 3,
  "requires": true,
  "packages": {
    "": {
      "name": "data-lib",
      "version": "1.0.0",
      "license": "ISC",
      "dependencies": {
        "@azure/storage-blob": "^12.28.0",
        "core-lib": "file:../../../shared/javascript/core-lib",
        "nodejs-polars": "0.22.1"
      },
      "devDependencies": {
        "@types/node": "^24.6.2",
        "typescript": "^5.9.3"
      }
    },
    "../core-lib": {
      "version": "1.0.0",
      "license": "ISC",
      "dependencies": {
        "protobufjs": "^7.5.4"
      },
      "devDependencies": {
        "@types/node": "^24.6.2",
        "typescript": "^5.9.3"
      }
    },
    "../core-lib/node_modules/@types/node": {
      "version": "22.9.0",
      "dev": true,
      "license": "MIT",
      "dependencies": {
        "undici-types": "~6.19.8"
      }
    },
    "../core-lib/node_modules/typescript": {
      "version": "5.6.3",
      "dev": true,
      "license": "Apache-2.0",
      "bin": {
        "tsc": "bin/tsc",
        "tsserver": "bin/tsserver"
      },
      "engines": {
        "node": ">=14.17"
      }
    },
    "../core-lib/node_modules/undici-types": {
      "version": "6.19.8",
      "dev": true,
      "license": "MIT"
    },
    "node_modules/@azure/abort-controller": {
      "version": "2.1.2",
      "resolved": "https://registry.npmjs.org/@azure/abort-controller/-/abort-controller-2.1.2.tgz",
      "integrity": "sha512-nBrLsEWm4J2u5LpAPjxADTlq3trDgVZZXHNKabeXZtpq3d3AbN/KGO82R87rdDz5/lYB024rtEf10/q0urNgsA==",
      "license": "MIT",
      "dependencies": {
        "tslib": "^2.6.2"
      },
      "engines": {
        "node": ">=18.0.0"
      }
    },
    "node_modules/@azure/core-auth": {
      "version": "1.10.1",
      "resolved": "https://registry.npmjs.org/@azure/core-auth/-/core-auth-1.10.1.tgz",
      "integrity": "sha512-ykRMW8PjVAn+RS6ww5cmK9U2CyH9p4Q88YJwvUslfuMmN98w/2rdGRLPqJYObapBCdzBVeDgYWdJnFPFb7qzpg==",
      "license": "MIT",
      "dependencies": {
        "@azure/abort-controller": "^2.1.2",
        "@azure/core-util": "^1.13.0",
        "tslib": "^2.6.2"
      },
      "engines": {
        "node": ">=20.0.0"
      }
    },
    "node_modules/@azure/core-client": {
      "version": "1.10.1",
      "resolved": "https://registry.npmjs.org/@azure/core-client/-/core-client-1.10.1.tgz",
      "integrity": "sha512-Nh5PhEOeY6PrnxNPsEHRr9eimxLwgLlpmguQaHKBinFYA/RU9+kOYVOQqOrTsCL+KSxrLLl1gD8Dk5BFW/7l/w==",
      "license": "MIT",
      "dependencies": {
        "@azure/abort-controller": "^2.1.2",
        "@azure/core-auth": "^1.10.0",
        "@azure/core-rest-pipeline": "^1.22.0",
        "@azure/core-tracing": "^1.3.0",
        "@azure/core-util": "^1.13.0",
        "@azure/logger": "^1.3.0",
        "tslib": "^2.6.2"
      },
      "engines": {
        "node": ">=20.0.0"
      }
    },
    "node_modules/@azure/core-http-compat": {
      "version": "2.3.1",
      "resolved": "https://registry.npmjs.org/@azure/core-http-compat/-/core-http-compat-2.3.1.tgz",
      "integrity": "sha512-az9BkXND3/d5VgdRRQVkiJb2gOmDU8Qcq4GvjtBmDICNiQ9udFmDk4ZpSB5Qq1OmtDJGlQAfBaS4palFsazQ5g==",
      "license": "MIT",
      "dependencies": {
        "@azure/abort-controller": "^2.1.2",
        "@azure/core-client": "^1.10.0",
        "@azure/core-rest-pipeline": "^1.22.0"
      },
      "engines": {
        "node": ">=20.0.0"
      }
    },
    "node_modules/@azure/core-lro": {
      "version": "2.7.2",
      "resolved": "https://registry.npmjs.org/@azure/core-lro/-/core-lro-2.7.2.tgz",
      "integrity": "sha512-0YIpccoX8m/k00O7mDDMdJpbr6mf1yWo2dfmxt5A8XVZVVMz2SSKaEbMCeJRvgQ0IaSlqhjT47p4hVIRRy90xw==",
      "license": "MIT",
      "dependencies": {
        "@azure/abort-controller": "^2.0.0",
        "@azure/core-util": "^1.2.0",
        "@azure/logger": "^1.0.0",
        "tslib": "^2.6.2"
      },
      "engines": {
        "node": ">=18.0.0"
      }
    },
    "node_modules/@azure/core-paging": {
      "version": "1.6.2",
      "resolved": "https://registry.npmjs.org/@azure/core-paging/-/core-paging-1.6.2.tgz",
      "integrity": "sha512-YKWi9YuCU04B55h25cnOYZHxXYtEvQEbKST5vqRga7hWY9ydd3FZHdeQF8pyh+acWZvppw13M/LMGx0LABUVMA==",
      "license": "MIT",
      "dependencies": {
        "tslib": "^2.6.2"
      },
      "engines": {
        "node": ">=18.0.0"
      }
    },
    "node_modules/@azure/core-rest-pipeline": {
      "version": "1.22.1",
      "resolved": "https://registry.npmjs.org/@azure/core-rest-pipeline/-/core-rest-pipeline-1.22.1.tgz",
      "integrity": "sha512-UVZlVLfLyz6g3Hy7GNDpooMQonUygH7ghdiSASOOHy97fKj/mPLqgDX7aidOijn+sCMU+WU8NjlPlNTgnvbcGA==",
      "license": "MIT",
      "dependencies": {
        "@azure/abort-controller": "^2.1.2",
        "@azure/core-auth": "^1.10.0",
        "@azure/core-tracing": "^1.3.0",
        "@azure/core-util": "^1.13.0",
        "@azure/logger": "^1.3.0",
        "@typespec/ts-http-runtime": "^0.3.0",
        "tslib": "^2.6.2"
      },
      "engines": {
        "node": ">=20.0.0"
      }
    },
    "node_modules/@azure/core-tracing": {
      "version": "1.3.1",
      "resolved": "https://registry.npmjs.org/@azure/core-tracing/-/core-tracing-1.3.1.tgz",
      "integrity": "sha512-9MWKevR7Hz8kNzzPLfX4EAtGM2b8mr50HPDBvio96bURP/9C+HjdH3sBlLSNNrvRAr5/k/svoH457gB5IKpmwQ==",
      "license": "MIT",
      "dependencies": {
        "tslib": "^2.6.2"
      },
      "engines": {
        "node": ">=20.0.0"
      }
    },
    "node_modules/@azure/core-util": {
      "version": "1.13.1",
      "resolved": "https://registry.npmjs.org/@azure/core-util/-/core-util-1.13.1.tgz",
      "integrity": "sha512-XPArKLzsvl0Hf0CaGyKHUyVgF7oDnhKoP85Xv6M4StF/1AhfORhZudHtOyf2s+FcbuQ9dPRAjB8J2KvRRMUK2A==",
      "license": "MIT",
      "dependencies": {
        "@azure/abort-controller": "^2.1.2",
        "@typespec/ts-http-runtime": "^0.3.0",
        "tslib": "^2.6.2"
      },
      "engines": {
        "node": ">=20.0.0"
      }
    },
    "node_modules/@azure/core-xml": {
      "version": "1.5.0",
      "resolved": "https://registry.npmjs.org/@azure/core-xml/-/core-xml-1.5.0.tgz",
      "integrity": "sha512-D/sdlJBMJfx7gqoj66PKVmhDDaU6TKA49ptcolxdas29X7AfvLTmfAGLjAcIMBK7UZ2o4lygHIqVckOlQU3xWw==",
      "license": "MIT",
      "dependencies": {
        "fast-xml-parser": "^5.0.7",
        "tslib": "^2.8.1"
      },
      "engines": {
        "node": ">=20.0.0"
      }
    },
    "node_modules/@azure/logger": {
      "version": "1.3.0",
      "resolved": "https://registry.npmjs.org/@azure/logger/-/logger-1.3.0.tgz",
      "integrity": "sha512-fCqPIfOcLE+CGqGPd66c8bZpwAji98tZ4JI9i/mlTNTlsIWslCfpg48s/ypyLxZTump5sypjrKn2/kY7q8oAbA==",
      "license": "MIT",
      "dependencies": {
        "@typespec/ts-http-runtime": "^0.3.0",
        "tslib": "^2.6.2"
      },
      "engines": {
        "node": ">=20.0.0"
      }
    },
    "node_modules/@azure/storage-blob": {
      "version": "12.28.0",
      "resolved": "https://registry.npmjs.org/@azure/storage-blob/-/storage-blob-12.28.0.tgz",
      "integrity": "sha512-VhQHITXXO03SURhDiGuHhvc/k/sD2WvJUS7hqhiVNbErVCuQoLtWql7r97fleBlIRKHJaa9R7DpBjfE0pfLYcA==",
      "license": "MIT",
      "dependencies": {
        "@azure/abort-controller": "^2.1.2",
        "@azure/core-auth": "^1.9.0",
        "@azure/core-client": "^1.9.3",
        "@azure/core-http-compat": "^2.2.0",
        "@azure/core-lro": "^2.2.0",
        "@azure/core-paging": "^1.6.2",
        "@azure/core-rest-pipeline": "^1.19.1",
        "@azure/core-tracing": "^1.2.0",
        "@azure/core-util": "^1.11.0",
        "@azure/core-xml": "^1.4.5",
        "@azure/logger": "^1.1.4",
        "@azure/storage-common": "^12.0.0-beta.2",
        "events": "^3.0.0",
        "tslib": "^2.8.1"
      },
      "engines": {
        "node": ">=20.0.0"
      }
    },
    "node_modules/@azure/storage-common": {
      "version": "12.0.0",
      "resolved": "https://registry.npmjs.org/@azure/storage-common/-/storage-common-12.0.0.tgz",
      "integrity": "sha512-QyEWXgi4kdRo0wc1rHum9/KnaWZKCdQGZK1BjU4fFL6Jtedp7KLbQihgTTVxldFy1z1ZPtuDPx8mQ5l3huPPbA==",
      "license": "MIT",
      "dependencies": {
        "@azure/abort-controller": "^2.1.2",
        "@azure/core-auth": "^1.9.0",
        "@azure/core-http-compat": "^2.2.0",
        "@azure/core-rest-pipeline": "^1.19.1",
        "@azure/core-tracing": "^1.2.0",
        "@azure/core-util": "^1.11.0",
        "@azure/logger": "^1.1.4",
        "events": "^3.3.0",
        "tslib": "^2.8.1"
      },
      "engines": {
        "node": ">=20.0.0"
      }
    },
    "node_modules/@types/node": {
      "version": "24.6.2",
      "resolved": "https://registry.npmjs.org/@types/node/-/node-24.6.2.tgz",
      "integrity": "sha512-d2L25Y4j+W3ZlNAeMKcy7yDsK425ibcAOO2t7aPTz6gNMH0z2GThtwENCDc0d/Pw9wgyRqE5Px1wkV7naz8ang==",
      "dev": true,
      "license": "MIT",
      "dependencies": {
        "undici-types": "~7.13.0"
      }
    },
    "node_modules/@typespec/ts-http-runtime": {
      "version": "0.3.1",
      "resolved": "https://registry.npmjs.org/@typespec/ts-http-runtime/-/ts-http-runtime-0.3.1.tgz",
      "integrity": "sha512-SnbaqayTVFEA6/tYumdF0UmybY0KHyKwGPBXnyckFlrrKdhWFrL3a2HIPXHjht5ZOElKGcXfD2D63P36btb+ww==",
      "license": "MIT",
      "dependencies": {
        "http-proxy-agent": "^7.0.0",
        "https-proxy-agent": "^7.0.0",
        "tslib": "^2.6.2"
      },
      "engines": {
        "node": ">=20.0.0"
      }
    },
    "node_modules/agent-base": {
      "version": "7.1.4",
      "resolved": "https://registry.npmjs.org/agent-base/-/agent-base-7.1.4.tgz",
      "integrity": "sha512-MnA+YT8fwfJPgBx3m60MNqakm30XOkyIoH1y6huTQvC0PwZG7ki8NacLBcrPbNoo8vEZy7Jpuk7+jMO+CUovTQ==",
      "license": "MIT",
      "engines": {
        "node": ">= 14"
      }
    },
    "node_modules/core-lib": {
      "resolved": "../core-lib",
      "link": true
    },
    "node_modules/debug": {
      "version": "4.4.3",
      "resolved": "https://registry.npmjs.org/debug/-/debug-4.4.3.tgz",
      "integrity": "sha512-RGwwWnwQvkVfavKVt22FGLw+xYSdzARwm0ru6DhTVA3umU5hZc28V3kO4stgYryrTlLpuvgI9GiijltAjNbcqA==",
      "license": "MIT",
      "dependencies": {
        "ms": "^2.1.3"
      },
      "engines": {
        "node": ">=6.0"
      },
      "peerDependenciesMeta": {
        "supports-color": {
          "optional": true
        }
      }
    },
    "node_modules/events": {
      "version": "3.3.0",
      "resolved": "https://registry.npmjs.org/events/-/events-3.3.0.tgz",
      "integrity": "sha512-mQw+2fkQbALzQ7V0MY0IqdnXNOeTtP4r0lN9z7AAawCXgqea7bDii20AYrIBrFd/Hx0M2Ocz6S111CaFkUcb0Q==",
      "license": "MIT",
      "engines": {
        "node": ">=0.8.x"
      }
    },
    "node_modules/fast-xml-parser": {
      "version": "5.3.0",
      "resolved": "https://registry.npmjs.org/fast-xml-parser/-/fast-xml-parser-5.3.0.tgz",
      "integrity": "sha512-gkWGshjYcQCF+6qtlrqBqELqNqnt4CxruY6UVAWWnqb3DQ6qaNFEIKqzYep1XzHLM/QtrHVCxyPOtTk4LTQ7Aw==",
      "funding": [
        {
          "type": "github",
          "url": "https://github.com/sponsors/NaturalIntelligence"
        }
      ],
      "license": "MIT",
      "dependencies": {
        "strnum": "^2.1.0"
      },
      "bin": {
        "fxparser": "src/cli/cli.js"
      }
    },
    "node_modules/http-proxy-agent": {
      "version": "7.0.2",
      "resolved": "https://registry.npmjs.org/http-proxy-agent/-/http-proxy-agent-7.0.2.tgz",
      "integrity": "sha512-T1gkAiYYDWYx3V5Bmyu7HcfcvL7mUrTWiM6yOfa3PIphViJ/gFPbvidQ+veqSOHci/PxBcDabeUNCzpOODJZig==",
      "license": "MIT",
      "dependencies": {
        "agent-base": "^7.1.0",
        "debug": "^4.3.4"
      },
      "engines": {
        "node": ">= 14"
      }
    },
    "node_modules/https-proxy-agent": {
      "version": "7.0.6",
      "resolved": "https://registry.npmjs.org/https-proxy-agent/-/https-proxy-agent-7.0.6.tgz",
      "integrity": "sha512-vK9P5/iUfdl95AI+JVyUuIcVtd4ofvtrOr3HNtM2yxC9bnMbEdp3x01OhQNnjb8IJYi38VlTE3mBXwcfvywuSw==",
      "license": "MIT",
      "dependencies": {
        "agent-base": "^7.1.2",
        "debug": "4"
      },
      "engines": {
        "node": ">= 14"
      }
    },
    "node_modules/ms": {
      "version": "2.1.3",
      "resolved": "https://registry.npmjs.org/ms/-/ms-2.1.3.tgz",
      "integrity": "sha512-6FlzubTLZG3J2a/NVCAleEhjzq5oxgHyaCU9yYXvcLsvoVaHJq/s5xXI6/XXP6tz7R9xAOtHnSO/tXtF3WRTlA==",
      "license": "MIT"
    },
    "node_modules/nodejs-polars": {
      "version": "0.22.1",
      "resolved": "https://registry.npmjs.org/nodejs-polars/-/nodejs-polars-0.22.1.tgz",
      "integrity": "sha512-RP8mhb84u5zCc8/22SyS01UNzIk6z2NFtM1mqjK7LCrg8yyqTh+zQKpM0JAY9yBQ8d3wl2wyHCqduhRn+xRsKA==",
      "license": "MIT",
      "workspaces": [
        "benches"
      ],
      "engines": {
        "node": ">= 20"
      },
      "optionalDependencies": {
        "nodejs-polars-android-arm64": "0.22.1",
        "nodejs-polars-darwin-arm64": "0.22.1",
        "nodejs-polars-darwin-x64": "0.22.1",
        "nodejs-polars-linux-arm64-gnu": "0.22.1",
        "nodejs-polars-linux-arm64-musl": "0.22.1",
        "nodejs-polars-linux-x64-gnu": "0.22.1",
        "nodejs-polars-linux-x64-musl": "0.22.1",
        "nodejs-polars-win32-x64-msvc": "0.22.1"
      }
    },
    "node_modules/nodejs-polars-android-arm64": {
      "version": "0.22.1",
      "resolved": "https://registry.npmjs.org/nodejs-polars-android-arm64/-/nodejs-polars-android-arm64-0.22.1.tgz",
      "integrity": "sha512-X/vAj0GIp6c6k/Y5NZvrt/ZfNLJZFLOjP1N1uMiMUNMaeNPjevfv7Yt6Exsc/1DBfNB455e+9wgw7kE8jbkDRw==",
      "cpu": [
        "arm64"
      ],
      "license": "SEE LICENSE IN LICENSE",
      "optional": true,
      "os": [
        "android"
      ],
      "engines": {
        "node": ">= 16"
      }
    },
    "node_modules/nodejs-polars-darwin-arm64": {
      "version": "0.22.1",
      "resolved": "https://registry.npmjs.org/nodejs-polars-darwin-arm64/-/nodejs-polars-darwin-arm64-0.22.1.tgz",
      "integrity": "sha512-6sHu3WrYo91aU1d7Ze+pIu9+QDctkrJyIhhZiSL0ApSwwfzTRqqXePi+3URwRvNNZIem9aOAkkoGpCmG0XKe/A==",
      "cpu": [
        "arm64"
      ],
      "license": "SEE LICENSE IN LICENSE",
      "optional": true,
      "os": [
        "darwin"
      ],
      "engines": {
        "node": ">= 16"
      }
    },
    "node_modules/nodejs-polars-darwin-x64": {
      "version": "0.22.1",
      "resolved": "https://registry.npmjs.org/nodejs-polars-darwin-x64/-/nodejs-polars-darwin-x64-0.22.1.tgz",
      "integrity": "sha512-tyz6ZibPhCiLN40mwe7XhTniSKn/mcZMCURweZVjo8b1Mj3xyfS49Yy+s1JyHEZilCb6jylcS6bg4ibDEcu1OQ==",
      "cpu": [
        "x64"
      ],
      "license": "SEE LICENSE IN LICENSE",
      "optional": true,
      "os": [
        "darwin"
      ],
      "engines": {
        "node": ">= 16"
      }
    },
    "node_modules/nodejs-polars-linux-arm64-gnu": {
      "version": "0.22.1",
      "resolved": "https://registry.npmjs.org/nodejs-polars-linux-arm64-gnu/-/nodejs-polars-linux-arm64-gnu-0.22.1.tgz",
      "integrity": "sha512-Fn6XDgsOr9/yojBj0olUCNArglHkl8817JpNyCUyFfWFKR1u24xIfn5Tj5uytToqcpTOkRO1/DSqGo5lWS/Rfg==",
      "cpu": [
        "arm64"
      ],
      "license": "SEE LICENSE IN LICENSE",
      "optional": true,
      "os": [
        "linux"
      ],
      "engines": {
        "node": ">= 16"
      }
    },
    "node_modules/nodejs-polars-linux-arm64-musl": {
      "version": "0.22.1",
      "resolved": "https://registry.npmjs.org/nodejs-polars-linux-arm64-musl/-/nodejs-polars-linux-arm64-musl-0.22.1.tgz",
      "integrity": "sha512-uJVkq5YT1LyBsV5C3O3qVgKPdmcfmhi6NYOwhI4Ku7Noo+EUTN+NyOrOjWtS0vHpgkmn+eBaU7+PpKkCSNG+Qg==",
      "cpu": [
        "arm64"
      ],
      "license": "SEE LICENSE IN LICENSE",
      "optional": true,
      "os": [
        "linux"
      ],
      "engines": {
        "node": ">= 16"
      }
    },
    "node_modules/nodejs-polars-linux-x64-gnu": {
      "version": "0.22.1",
      "resolved": "https://registry.npmjs.org/nodejs-polars-linux-x64-gnu/-/nodejs-polars-linux-x64-gnu-0.22.1.tgz",
      "integrity": "sha512-Uh294xCNkg4wNqPB5YIEyJNT76gHJWqwlF/G6VHRiObZUCBDZQEDVDcLqZsaOe9AXksMAlaXDx3dV/VIBgW+LA==",
      "cpu": [
        "x64"
      ],
      "license": "SEE LICENSE IN LICENSE",
      "optional": true,
      "os": [
        "linux"
      ],
      "engines": {
        "node": ">= 16"
      }
    },
    "node_modules/nodejs-polars-linux-x64-musl": {
      "version": "0.22.1",
      "resolved": "https://registry.npmjs.org/nodejs-polars-linux-x64-musl/-/nodejs-polars-linux-x64-musl-0.22.1.tgz",
      "integrity": "sha512-dTLsidOoWHY7+GqCg97qOPlrbwXhStoMm8ZvR8/l4NhlYIfKkkG9iUQ5Eu1LolfqCK8zYfSlQl+voL4AqGiOkA==",
      "cpu": [
        "x64"
      ],
      "license": "SEE LICENSE IN LICENSE",
      "optional": true,
      "os": [
        "linux"
      ],
      "engines": {
        "node": ">= 16"
      }
    },
    "node_modules/nodejs-polars-win32-x64-msvc": {
      "version": "0.22.1",
      "resolved": "https://registry.npmjs.org/nodejs-polars-win32-x64-msvc/-/nodejs-polars-win32-x64-msvc-0.22.1.tgz",
      "integrity": "sha512-7pFP029b4rlIEJk5pdRHPcSLHPAZHbItR+ZFRKSfPQssjwrYnt31kFKrWeW57KkUVKA50m1QgLfNlCv9bkezmw==",
      "cpu": [
        "x64"
      ],
      "license": "SEE LICENSE IN LICENSE",
      "optional": true,
      "os": [
        "win32"
      ],
      "engines": {
        "node": ">= 16"
      }
    },
    "node_modules/strnum": {
      "version": "2.1.1",
      "resolved": "https://registry.npmjs.org/strnum/-/strnum-2.1.1.tgz",
      "integrity": "sha512-7ZvoFTiCnGxBtDqJ//Cu6fWtZtc7Y3x+QOirG15wztbdngGSkht27o2pyGWrVy0b4WAy3jbKmnoK6g5VlVNUUw==",
      "funding": [
        {
          "type": "github",
          "url": "https://github.com/sponsors/NaturalIntelligence"
        }
      ],
      "license": "MIT"
    },
    "node_modules/tslib": {
      "version": "2.8.1",
      "resolved": "https://registry.npmjs.org/tslib/-/tslib-2.8.1.tgz",
      "integrity": "sha512-oJFu94HQb+KVduSUQL7wnpmqnfmLsOA/nAh6b6EH0wCEoK0/mPeXU6c3wKDV83MkOuHPRHtSXKKU99IBazS/2w==",
      "license": "0BSD"
    },
    "node_modules/typescript": {
      "version": "5.9.3",
      "resolved": "https://registry.npmjs.org/typescript/-/typescript-5.9.3.tgz",
      "integrity": "sha512-jl1vZzPDinLr9eUt3J/t7V6FgNEw9QjvBPdysz9KfQDD41fQrC2Y4vKQdiaUpFT4bXlb1RHhLpp8wtm6M5TgSw==",
      "dev": true,
      "license": "Apache-2.0",
      "bin": {
        "tsc": "bin/tsc",
        "tsserver": "bin/tsserver"
      },
      "engines": {
        "node": ">=14.17"
      }
    },
    "node_modules/undici-types": {
      "version": "7.13.0",
      "resolved": "https://registry.npmjs.org/undici-types/-/undici-types-7.13.0.tgz",
      "integrity": "sha512-Ov2Rr9Sx+fRgagJ5AX0qvItZG/JKKoBRAVITs1zk7IqZGTJUwgUr7qoYBpWwakpWilTZFM98rG/AFRocu10iIQ==",
      "dev": true,
      "license": "MIT"
    }
  }
}
